// !$*UTF8*$!
{
	archiveVersion = 1;
	classes = {
	};
	objectVersion = 46;
	objects = {

/* Begin PBXBuildFile section */
		204E2895B04909F97EE80D1B /* Pods_TestDOIT.framework in Frameworks */ = {isa = PBXBuildFile; fileRef = 8E0BE91D043CBE54A25F1133 /* Pods_TestDOIT.framework */; };
		781A2ACB1F2C5C6E003FC27A /* ShowGifController.swift in Sources */ = {isa = PBXBuildFile; fileRef = 781A2ACA1F2C5C6E003FC27A /* ShowGifController.swift */; };
		781A2ACD1F2C6118003FC27A /* UploadImageController.swift in Sources */ = {isa = PBXBuildFile; fileRef = 781A2ACC1F2C6118003FC27A /* UploadImageController.swift */; };
		781A2AD11F2C69C8003FC27A /* ImagePickerProtocol.swift in Sources */ = {isa = PBXBuildFile; fileRef = 781A2AD01F2C69C8003FC27A /* ImagePickerProtocol.swift */; };
		7823AFD41F2C4FAB00DA3003 /* Main.storyboard in Resources */ = {isa = PBXBuildFile; fileRef = 7823AFD31F2C4FAB00DA3003 /* Main.storyboard */; };
		78607DBA1F2B84F600743630 /* AppDelegate.swift in Sources */ = {isa = PBXBuildFile; fileRef = 78607DB91F2B84F600743630 /* AppDelegate.swift */; };
		78607DBC1F2B84F600743630 /* LoginController.swift in Sources */ = {isa = PBXBuildFile; fileRef = 78607DBB1F2B84F600743630 /* LoginController.swift */; };
		78607DBF1F2B84F600743630 /* Login.storyboard in Resources */ = {isa = PBXBuildFile; fileRef = 78607DBD1F2B84F600743630 /* Login.storyboard */; };
		78607DC11F2B84F600743630 /* Assets.xcassets in Resources */ = {isa = PBXBuildFile; fileRef = 78607DC01F2B84F600743630 /* Assets.xcassets */; };
		78607DC41F2B84F600743630 /* LaunchScreen.storyboard in Resources */ = {isa = PBXBuildFile; fileRef = 78607DC21F2B84F600743630 /* LaunchScreen.storyboard */; };
		78607DCF1F2B84F700743630 /* TestDOITUITests.swift in Sources */ = {isa = PBXBuildFile; fileRef = 78607DCE1F2B84F700743630 /* TestDOITUITests.swift */; };
		78805C4A1F2B97B300209937 /* LoginParameterModel.swift in Sources */ = {isa = PBXBuildFile; fileRef = 78805C491F2B97B300209937 /* LoginParameterModel.swift */; };
		78805C4C1F2B9AC500209937 /* RegisterParameterModel.swift in Sources */ = {isa = PBXBuildFile; fileRef = 78805C4B1F2B9AC500209937 /* RegisterParameterModel.swift */; };
		78805C4E1F2BA44300209937 /* ImageModel.swift in Sources */ = {isa = PBXBuildFile; fileRef = 78805C4D1F2BA44300209937 /* ImageModel.swift */; };
		78805C501F2BA4DD00209937 /* GifModel.swift in Sources */ = {isa = PBXBuildFile; fileRef = 78805C4F1F2BA4DD00209937 /* GifModel.swift */; };
		78805C521F2BA65200209937 /* UploadImageParametersModel.swift in Sources */ = {isa = PBXBuildFile; fileRef = 78805C511F2BA65200209937 /* UploadImageParametersModel.swift */; };
		78805C5B1F2BB26700209937 /* ImageInfoCell.swift in Sources */ = {isa = PBXBuildFile; fileRef = 78805C591F2BB26700209937 /* ImageInfoCell.swift */; };
		78805C5C1F2BB26700209937 /* ImageInfoCell.xib in Resources */ = {isa = PBXBuildFile; fileRef = 78805C5A1F2BB26700209937 /* ImageInfoCell.xib */; };
		78805C5E1F2BB2C900209937 /* MainScreen.swift in Sources */ = {isa = PBXBuildFile; fileRef = 78805C5D1F2BB2C900209937 /* MainScreen.swift */; };
		78805C601F2BBB9300209937 /* Token.swift in Sources */ = {isa = PBXBuildFile; fileRef = 78805C5F1F2BBB9300209937 /* Token.swift */; };
		78805C621F2BBD4700209937 /* GetAllImagesParametersModel.swift in Sources */ = {isa = PBXBuildFile; fileRef = 78805C611F2BBD4700209937 /* GetAllImagesParametersModel.swift */; };
		78805C641F2BBD8400209937 /* GetGifParametersModel.swift in Sources */ = {isa = PBXBuildFile; fileRef = 78805C631F2BBD8400209937 /* GetGifParametersModel.swift */; };
		78805C661F2BC31400209937 /* StringExt.swift in Sources */ = {isa = PBXBuildFile; fileRef = 78805C651F2BC31400209937 /* StringExt.swift */; };
		78805C691F2BD87A00209937 /* UIViewControllerExt.swift in Sources */ = {isa = PBXBuildFile; fileRef = 78805C681F2BD87A00209937 /* UIViewControllerExt.swift */; };
		78805C6B1F2BDC5700209937 /* ServerError.swift in Sources */ = {isa = PBXBuildFile; fileRef = 78805C6A1F2BDC5700209937 /* ServerError.swift */; };
		78994D6F1F2B89FF00C9DEDC /* UIImage+animatedGIF.m in Sources */ = {isa = PBXBuildFile; fileRef = 78994D6E1F2B89FF00C9DEDC /* UIImage+animatedGIF.m */; };
		78994D711F2B8BD600C9DEDC /* ImageIO.framework in Frameworks */ = {isa = PBXBuildFile; fileRef = 78994D701F2B8BD600C9DEDC /* ImageIO.framework */; };
		78994D781F2B8E8400C9DEDC /* Server.swift in Sources */ = {isa = PBXBuildFile; fileRef = 78994D771F2B8E8400C9DEDC /* Server.swift */; };
		78994D7B1F2B907F00C9DEDC /* Functions.swift in Sources */ = {isa = PBXBuildFile; fileRef = 78994D791F2B907F00C9DEDC /* Functions.swift */; };
		78994D7C1F2B907F00C9DEDC /* Storyboards.swift in Sources */ = {isa = PBXBuildFile; fileRef = 78994D7A1F2B907F00C9DEDC /* Storyboards.swift */; };
		78994D7E1F2B94B200C9DEDC /* RegisterController.swift in Sources */ = {isa = PBXBuildFile; fileRef = 78994D7D1F2B94B200C9DEDC /* RegisterController.swift */; };
		912CAE137E36C2E5A5D5C6CC /* Pods_TestDOITUITests.framework in Frameworks */ = {isa = PBXBuildFile; fileRef = C643F0EEC938F6B02639EFC0 /* Pods_TestDOITUITests.framework */; };
/* End PBXBuildFile section */

/* Begin PBXContainerItemProxy section */
		78607DCB1F2B84F700743630 /* PBXContainerItemProxy */ = {
			isa = PBXContainerItemProxy;
			containerPortal = 78607DAE1F2B84F600743630 /* Project object */;
			proxyType = 1;
			remoteGlobalIDString = 78607DB51F2B84F600743630;
			remoteInfo = TestDOIT;
		};
/* End PBXContainerItemProxy section */

/* Begin PBXFileReference section */
		6F6BBCB7DEC5DC0B4ABCECA3 /* Pods-TestDOIT.debug.xcconfig */ = {isa = PBXFileReference; includeInIndex = 1; lastKnownFileType = text.xcconfig; name = "Pods-TestDOIT.debug.xcconfig"; path = "Pods/Target Support Files/Pods-TestDOIT/Pods-TestDOIT.debug.xcconfig"; sourceTree = "<group>"; };
		781A2ACA1F2C5C6E003FC27A /* ShowGifController.swift */ = {isa = PBXFileReference; fileEncoding = 4; lastKnownFileType = sourcecode.swift; path = ShowGifController.swift; sourceTree = "<group>"; };
		781A2ACC1F2C6118003FC27A /* UploadImageController.swift */ = {isa = PBXFileReference; fileEncoding = 4; lastKnownFileType = sourcecode.swift; path = UploadImageController.swift; sourceTree = "<group>"; };
		781A2AD01F2C69C8003FC27A /* ImagePickerProtocol.swift */ = {isa = PBXFileReference; fileEncoding = 4; lastKnownFileType = sourcecode.swift; path = ImagePickerProtocol.swift; sourceTree = "<group>"; };
		7823AFD31F2C4FAB00DA3003 /* Main.storyboard */ = {isa = PBXFileReference; fileEncoding = 4; lastKnownFileType = file.storyboard; path = Main.storyboard; sourceTree = "<group>"; };
		78607DB61F2B84F600743630 /* TestDOIT.app */ = {isa = PBXFileReference; explicitFileType = wrapper.application; includeInIndex = 0; path = TestDOIT.app; sourceTree = BUILT_PRODUCTS_DIR; };
		78607DB91F2B84F600743630 /* AppDelegate.swift */ = {isa = PBXFileReference; lastKnownFileType = sourcecode.swift; path = AppDelegate.swift; sourceTree = "<group>"; };
		78607DBB1F2B84F600743630 /* LoginController.swift */ = {isa = PBXFileReference; lastKnownFileType = sourcecode.swift; path = LoginController.swift; sourceTree = "<group>"; };
		78607DBE1F2B84F600743630 /* Base */ = {isa = PBXFileReference; lastKnownFileType = file.storyboard; name = Base; path = Base.lproj/Login.storyboard; sourceTree = "<group>"; };
		78607DC01F2B84F600743630 /* Assets.xcassets */ = {isa = PBXFileReference; lastKnownFileType = folder.assetcatalog; path = Assets.xcassets; sourceTree = "<group>"; };
		78607DC31F2B84F600743630 /* Base */ = {isa = PBXFileReference; lastKnownFileType = file.storyboard; name = Base; path = Base.lproj/LaunchScreen.storyboard; sourceTree = "<group>"; };
		78607DC51F2B84F700743630 /* Info.plist */ = {isa = PBXFileReference; lastKnownFileType = text.plist.xml; path = Info.plist; sourceTree = "<group>"; };
		78607DCA1F2B84F700743630 /* TestDOITUITests.xctest */ = {isa = PBXFileReference; explicitFileType = wrapper.cfbundle; includeInIndex = 0; path = TestDOITUITests.xctest; sourceTree = BUILT_PRODUCTS_DIR; };
		78607DCE1F2B84F700743630 /* TestDOITUITests.swift */ = {isa = PBXFileReference; lastKnownFileType = sourcecode.swift; path = TestDOITUITests.swift; sourceTree = "<group>"; };
		78607DD01F2B84F700743630 /* Info.plist */ = {isa = PBXFileReference; lastKnownFileType = text.plist.xml; path = Info.plist; sourceTree = "<group>"; };
		78805C491F2B97B300209937 /* LoginParameterModel.swift */ = {isa = PBXFileReference; fileEncoding = 4; lastKnownFileType = sourcecode.swift; path = LoginParameterModel.swift; sourceTree = "<group>"; };
		78805C4B1F2B9AC500209937 /* RegisterParameterModel.swift */ = {isa = PBXFileReference; fileEncoding = 4; lastKnownFileType = sourcecode.swift; path = RegisterParameterModel.swift; sourceTree = "<group>"; };
		78805C4D1F2BA44300209937 /* ImageModel.swift */ = {isa = PBXFileReference; fileEncoding = 4; lastKnownFileType = sourcecode.swift; path = ImageModel.swift; sourceTree = "<group>"; };
		78805C4F1F2BA4DD00209937 /* GifModel.swift */ = {isa = PBXFileReference; fileEncoding = 4; lastKnownFileType = sourcecode.swift; path = GifModel.swift; sourceTree = "<group>"; };
		78805C511F2BA65200209937 /* UploadImageParametersModel.swift */ = {isa = PBXFileReference; fileEncoding = 4; lastKnownFileType = sourcecode.swift; path = UploadImageParametersModel.swift; sourceTree = "<group>"; };
		78805C591F2BB26700209937 /* ImageInfoCell.swift */ = {isa = PBXFileReference; fileEncoding = 4; lastKnownFileType = sourcecode.swift; path = ImageInfoCell.swift; sourceTree = "<group>"; };
		78805C5A1F2BB26700209937 /* ImageInfoCell.xib */ = {isa = PBXFileReference; fileEncoding = 4; lastKnownFileType = file.xib; path = ImageInfoCell.xib; sourceTree = "<group>"; };
		78805C5D1F2BB2C900209937 /* MainScreen.swift */ = {isa = PBXFileReference; fileEncoding = 4; lastKnownFileType = sourcecode.swift; path = MainScreen.swift; sourceTree = "<group>"; };
		78805C5F1F2BBB9300209937 /* Token.swift */ = {isa = PBXFileReference; fileEncoding = 4; lastKnownFileType = sourcecode.swift; path = Token.swift; sourceTree = "<group>"; };
		78805C611F2BBD4700209937 /* GetAllImagesParametersModel.swift */ = {isa = PBXFileReference; fileEncoding = 4; lastKnownFileType = sourcecode.swift; path = GetAllImagesParametersModel.swift; sourceTree = "<group>"; };
		78805C631F2BBD8400209937 /* GetGifParametersModel.swift */ = {isa = PBXFileReference; fileEncoding = 4; lastKnownFileType = sourcecode.swift; path = GetGifParametersModel.swift; sourceTree = "<group>"; };
		78805C651F2BC31400209937 /* StringExt.swift */ = {isa = PBXFileReference; fileEncoding = 4; lastKnownFileType = sourcecode.swift; path = StringExt.swift; sourceTree = "<group>"; };
		78805C681F2BD87A00209937 /* UIViewControllerExt.swift */ = {isa = PBXFileReference; fileEncoding = 4; lastKnownFileType = sourcecode.swift; path = UIViewControllerExt.swift; sourceTree = "<group>"; };
		78805C6A1F2BDC5700209937 /* ServerError.swift */ = {isa = PBXFileReference; fileEncoding = 4; lastKnownFileType = sourcecode.swift; path = ServerError.swift; sourceTree = "<group>"; };
		78994D6C1F2B89FE00C9DEDC /* TestDOIT-Bridging-Header.h */ = {isa = PBXFileReference; lastKnownFileType = sourcecode.c.h; path = "TestDOIT-Bridging-Header.h"; sourceTree = "<group>"; };
		78994D6D1F2B89FF00C9DEDC /* UIImage+animatedGIF.h */ = {isa = PBXFileReference; fileEncoding = 4; lastKnownFileType = sourcecode.c.h; path = "UIImage+animatedGIF.h"; sourceTree = "<group>"; };
		78994D6E1F2B89FF00C9DEDC /* UIImage+animatedGIF.m */ = {isa = PBXFileReference; fileEncoding = 4; lastKnownFileType = sourcecode.c.objc; path = "UIImage+animatedGIF.m"; sourceTree = "<group>"; };
		78994D701F2B8BD600C9DEDC /* ImageIO.framework */ = {isa = PBXFileReference; lastKnownFileType = wrapper.framework; name = ImageIO.framework; path = System/Library/Frameworks/ImageIO.framework; sourceTree = SDKROOT; };
		78994D771F2B8E8400C9DEDC /* Server.swift */ = {isa = PBXFileReference; fileEncoding = 4; lastKnownFileType = sourcecode.swift; path = Server.swift; sourceTree = "<group>"; };
		78994D791F2B907F00C9DEDC /* Functions.swift */ = {isa = PBXFileReference; fileEncoding = 4; lastKnownFileType = sourcecode.swift; path = Functions.swift; sourceTree = "<group>"; };
		78994D7A1F2B907F00C9DEDC /* Storyboards.swift */ = {isa = PBXFileReference; fileEncoding = 4; lastKnownFileType = sourcecode.swift; path = Storyboards.swift; sourceTree = "<group>"; };
		78994D7D1F2B94B200C9DEDC /* RegisterController.swift */ = {isa = PBXFileReference; fileEncoding = 4; lastKnownFileType = sourcecode.swift; path = RegisterController.swift; sourceTree = "<group>"; };
		8E0BE91D043CBE54A25F1133 /* Pods_TestDOIT.framework */ = {isa = PBXFileReference; explicitFileType = wrapper.framework; includeInIndex = 0; path = Pods_TestDOIT.framework; sourceTree = BUILT_PRODUCTS_DIR; };
		99AE0F7BB73E8138621DF48C /* Pods-TestDOIT.release.xcconfig */ = {isa = PBXFileReference; includeInIndex = 1; lastKnownFileType = text.xcconfig; name = "Pods-TestDOIT.release.xcconfig"; path = "Pods/Target Support Files/Pods-TestDOIT/Pods-TestDOIT.release.xcconfig"; sourceTree = "<group>"; };
		A5F83A5BC8142F0F4E6A21FE /* Pods-TestDOITUITests.debug.xcconfig */ = {isa = PBXFileReference; includeInIndex = 1; lastKnownFileType = text.xcconfig; name = "Pods-TestDOITUITests.debug.xcconfig"; path = "Pods/Target Support Files/Pods-TestDOITUITests/Pods-TestDOITUITests.debug.xcconfig"; sourceTree = "<group>"; };
		A6B641851161E2C5B6548696 /* Pods-TestDOITUITests.release.xcconfig */ = {isa = PBXFileReference; includeInIndex = 1; lastKnownFileType = text.xcconfig; name = "Pods-TestDOITUITests.release.xcconfig"; path = "Pods/Target Support Files/Pods-TestDOITUITests/Pods-TestDOITUITests.release.xcconfig"; sourceTree = "<group>"; };
		C643F0EEC938F6B02639EFC0 /* Pods_TestDOITUITests.framework */ = {isa = PBXFileReference; explicitFileType = wrapper.framework; includeInIndex = 0; path = Pods_TestDOITUITests.framework; sourceTree = BUILT_PRODUCTS_DIR; };
/* End PBXFileReference section */

/* Begin PBXFrameworksBuildPhase section */
		78607DB31F2B84F600743630 /* Frameworks */ = {
			isa = PBXFrameworksBuildPhase;
			buildActionMask = 2147483647;
			files = (
				78994D711F2B8BD600C9DEDC /* ImageIO.framework in Frameworks */,
				204E2895B04909F97EE80D1B /* Pods_TestDOIT.framework in Frameworks */,
			);
			runOnlyForDeploymentPostprocessing = 0;
		};
		78607DC71F2B84F700743630 /* Frameworks */ = {
			isa = PBXFrameworksBuildPhase;
			buildActionMask = 2147483647;
			files = (
				912CAE137E36C2E5A5D5C6CC /* Pods_TestDOITUITests.framework in Frameworks */,
			);
			runOnlyForDeploymentPostprocessing = 0;
		};
/* End PBXFrameworksBuildPhase section */

/* Begin PBXGroup section */
		6B7E1C14E340C339B8BA3489 /* Pods */ = {
			isa = PBXGroup;
			children = (
				6F6BBCB7DEC5DC0B4ABCECA3 /* Pods-TestDOIT.debug.xcconfig */,
				99AE0F7BB73E8138621DF48C /* Pods-TestDOIT.release.xcconfig */,
				A5F83A5BC8142F0F4E6A21FE /* Pods-TestDOITUITests.debug.xcconfig */,
				A6B641851161E2C5B6548696 /* Pods-TestDOITUITests.release.xcconfig */,
			);
			name = Pods;
			sourceTree = "<group>";
		};
		78607DAD1F2B84F600743630 = {
			isa = PBXGroup;
			children = (
				78607DB81F2B84F600743630 /* TestDOIT */,
				78607DCD1F2B84F700743630 /* TestDOITUITests */,
				78607DB71F2B84F600743630 /* Products */,
				6B7E1C14E340C339B8BA3489 /* Pods */,
				7889841E4B7479176A7EF3B4 /* Frameworks */,
			);
			sourceTree = "<group>";
		};
		78607DB71F2B84F600743630 /* Products */ = {
			isa = PBXGroup;
			children = (
				78607DB61F2B84F600743630 /* TestDOIT.app */,
				78607DCA1F2B84F700743630 /* TestDOITUITests.xctest */,
			);
			name = Products;
			sourceTree = "<group>";
		};
		78607DB81F2B84F600743630 /* TestDOIT */ = {
			isa = PBXGroup;
			children = (
				78994D741F2B8DD900C9DEDC /* Global */,
				78994D751F2B8DE200C9DEDC /* Server */,
				78805C531F2BAF5700209937 /* Main Screen */,
				78607DDA1F2B853500743630 /* Login/Register Screen */,
				78607DD91F2B852E00743630 /* Other */,
			);
			path = TestDOIT;
			sourceTree = "<group>";
		};
		78607DCD1F2B84F700743630 /* TestDOITUITests */ = {
			isa = PBXGroup;
			children = (
				78607DCE1F2B84F700743630 /* TestDOITUITests.swift */,
				78607DD01F2B84F700743630 /* Info.plist */,
			);
			path = TestDOITUITests;
			sourceTree = "<group>";
		};
		78607DD91F2B852E00743630 /* Other */ = {
			isa = PBXGroup;
			children = (
				78805C681F2BD87A00209937 /* UIViewControllerExt.swift */,
				781A2AD01F2C69C8003FC27A /* ImagePickerProtocol.swift */,
				78805C651F2BC31400209937 /* StringExt.swift */,
				78994D6D1F2B89FF00C9DEDC /* UIImage+animatedGIF.h */,
				78994D6E1F2B89FF00C9DEDC /* UIImage+animatedGIF.m */,
				78607DB91F2B84F600743630 /* AppDelegate.swift */,
				78607DC01F2B84F600743630 /* Assets.xcassets */,
				78607DC21F2B84F600743630 /* LaunchScreen.storyboard */,
				78607DC51F2B84F700743630 /* Info.plist */,
				78994D6C1F2B89FE00C9DEDC /* TestDOIT-Bridging-Header.h */,
			);
			name = Other;
			sourceTree = "<group>";
		};
		78607DDA1F2B853500743630 /* Login/Register Screen */ = {
			isa = PBXGroup;
			children = (
				78607DBD1F2B84F600743630 /* Login.storyboard */,
				78607DBB1F2B84F600743630 /* LoginController.swift */,
				78994D7D1F2B94B200C9DEDC /* RegisterController.swift */,
			);
			name = "Login/Register Screen";
			sourceTree = "<group>";
		};
		78805C531F2BAF5700209937 /* Main Screen */ = {
			isa = PBXGroup;
			children = (
				7823AFD31F2C4FAB00DA3003 /* Main.storyboard */,
				78805C5D1F2BB2C900209937 /* MainScreen.swift */,
				781A2ACA1F2C5C6E003FC27A /* ShowGifController.swift */,
				781A2ACC1F2C6118003FC27A /* UploadImageController.swift */,
				78805C581F2BB24900209937 /* Cell */,
			);
			name = "Main Screen";
			sourceTree = "<group>";
		};
		78805C581F2BB24900209937 /* Cell */ = {
			isa = PBXGroup;
			children = (
				78805C5A1F2BB26700209937 /* ImageInfoCell.xib */,
				78805C591F2BB26700209937 /* ImageInfoCell.swift */,
			);
			name = Cell;
			sourceTree = "<group>";
		};
		7889841E4B7479176A7EF3B4 /* Frameworks */ = {
			isa = PBXGroup;
			children = (
				78994D701F2B8BD600C9DEDC /* ImageIO.framework */,
				8E0BE91D043CBE54A25F1133 /* Pods_TestDOIT.framework */,
				C643F0EEC938F6B02639EFC0 /* Pods_TestDOITUITests.framework */,
			);
			name = Frameworks;
			sourceTree = "<group>";
		};
		78994D741F2B8DD900C9DEDC /* Global */ = {
			isa = PBXGroup;
			children = (
				78994D761F2B8DED00C9DEDC /* Models */,
				78994D791F2B907F00C9DEDC /* Functions.swift */,
				78994D7A1F2B907F00C9DEDC /* Storyboards.swift */,
				78805C5F1F2BBB9300209937 /* Token.swift */,
			);
			name = Global;
			sourceTree = "<group>";
		};
		78994D751F2B8DE200C9DEDC /* Server */ = {
			isa = PBXGroup;
			children = (
				78994D771F2B8E8400C9DEDC /* Server.swift */,
			);
			name = Server;
			sourceTree = "<group>";
		};
		78994D761F2B8DED00C9DEDC /* Models */ = {
			isa = PBXGroup;
			children = (
				78805C491F2B97B300209937 /* LoginParameterModel.swift */,
				78805C4B1F2B9AC500209937 /* RegisterParameterModel.swift */,
				78805C4D1F2BA44300209937 /* ImageModel.swift */,
				78805C4F1F2BA4DD00209937 /* GifModel.swift */,
				78805C511F2BA65200209937 /* UploadImageParametersModel.swift */,
				78805C611F2BBD4700209937 /* GetAllImagesParametersModel.swift */,
				78805C631F2BBD8400209937 /* GetGifParametersModel.swift */,
				78805C6A1F2BDC5700209937 /* ServerError.swift */,
			);
			name = Models;
			sourceTree = "<group>";
		};
/* End PBXGroup section */

/* Begin PBXNativeTarget section */
		78607DB51F2B84F600743630 /* TestDOIT */ = {
			isa = PBXNativeTarget;
			buildConfigurationList = 78607DD31F2B84F700743630 /* Build configuration list for PBXNativeTarget "TestDOIT" */;
			buildPhases = (
				0BA82CCE59FB9B064EB51DB5 /* [CP] Check Pods Manifest.lock */,
				78994D731F2B8C8800C9DEDC /* ShellScript */,
				78607DB21F2B84F600743630 /* Sources */,
				78607DB31F2B84F600743630 /* Frameworks */,
				78607DB41F2B84F600743630 /* Resources */,
				A6C2122E993EF83BC3B5883B /* [CP] Embed Pods Frameworks */,
				A2B5FD55CA5984C9FFC47F2F /* [CP] Copy Pods Resources */,
			);
			buildRules = (
			);
			dependencies = (
			);
			name = TestDOIT;
			productName = TestDOIT;
			productReference = 78607DB61F2B84F600743630 /* TestDOIT.app */;
			productType = "com.apple.product-type.application";
		};
		78607DC91F2B84F700743630 /* TestDOITUITests */ = {
			isa = PBXNativeTarget;
			buildConfigurationList = 78607DD61F2B84F700743630 /* Build configuration list for PBXNativeTarget "TestDOITUITests" */;
			buildPhases = (
				662B9CD10197A8099A7F32B4 /* [CP] Check Pods Manifest.lock */,
				78607DC61F2B84F700743630 /* Sources */,
				78607DC71F2B84F700743630 /* Frameworks */,
				78607DC81F2B84F700743630 /* Resources */,
				F5F07A5973B736B1CC1D077A /* [CP] Embed Pods Frameworks */,
				99EB17AFC49C82FA655B5858 /* [CP] Copy Pods Resources */,
			);
			buildRules = (
			);
			dependencies = (
				78607DCC1F2B84F700743630 /* PBXTargetDependency */,
			);
			name = TestDOITUITests;
			productName = TestDOITUITests;
			productReference = 78607DCA1F2B84F700743630 /* TestDOITUITests.xctest */;
			productType = "com.apple.product-type.bundle.ui-testing";
		};
/* End PBXNativeTarget section */

/* Begin PBXProject section */
		78607DAE1F2B84F600743630 /* Project object */ = {
			isa = PBXProject;
			attributes = {
				LastSwiftUpdateCheck = 0830;
				LastUpgradeCheck = 0830;
				ORGANIZATIONNAME = "Dima Gubatenko";
				TargetAttributes = {
					78607DB51F2B84F600743630 = {
						CreatedOnToolsVersion = 8.3.3;
						DevelopmentTeam = LBXP5SKFAJ;
						LastSwiftMigration = 0830;
						ProvisioningStyle = Manual;
					};
					78607DC91F2B84F700743630 = {
						CreatedOnToolsVersion = 8.3.3;
						ProvisioningStyle = Automatic;
						TestTargetID = 78607DB51F2B84F600743630;
					};
				};
			};
			buildConfigurationList = 78607DB11F2B84F600743630 /* Build configuration list for PBXProject "TestDOIT" */;
			compatibilityVersion = "Xcode 3.2";
			developmentRegion = English;
			hasScannedForEncodings = 0;
			knownRegions = (
				en,
				Base,
			);
			mainGroup = 78607DAD1F2B84F600743630;
			productRefGroup = 78607DB71F2B84F600743630 /* Products */;
			projectDirPath = "";
			projectRoot = "";
			targets = (
				78607DB51F2B84F600743630 /* TestDOIT */,
				78607DC91F2B84F700743630 /* TestDOITUITests */,
			);
		};
/* End PBXProject section */

/* Begin PBXResourcesBuildPhase section */
		78607DB41F2B84F600743630 /* Resources */ = {
			isa = PBXResourcesBuildPhase;
			buildActionMask = 2147483647;
			files = (
				78805C5C1F2BB26700209937 /* ImageInfoCell.xib in Resources */,
				7823AFD41F2C4FAB00DA3003 /* Main.storyboard in Resources */,
				78607DC41F2B84F600743630 /* LaunchScreen.storyboard in Resources */,
				78607DC11F2B84F600743630 /* Assets.xcassets in Resources */,
				78607DBF1F2B84F600743630 /* Login.storyboard in Resources */,
			);
			runOnlyForDeploymentPostprocessing = 0;
		};
		78607DC81F2B84F700743630 /* Resources */ = {
			isa = PBXResourcesBuildPhase;
			buildActionMask = 2147483647;
			files = (
			);
			runOnlyForDeploymentPostprocessing = 0;
		};
/* End PBXResourcesBuildPhase section */

/* Begin PBXShellScriptBuildPhase section */
		0BA82CCE59FB9B064EB51DB5 /* [CP] Check Pods Manifest.lock */ = {
			isa = PBXShellScriptBuildPhase;
			buildActionMask = 2147483647;
			files = (
			);
			inputPaths = (
			);
			name = "[CP] Check Pods Manifest.lock";
			outputPaths = (
			);
			runOnlyForDeploymentPostprocessing = 0;
			shellPath = /bin/sh;
			shellScript = "diff \"${PODS_PODFILE_DIR_PATH}/Podfile.lock\" \"${PODS_ROOT}/Manifest.lock\" > /dev/null\nif [ $? != 0 ] ; then\n    # print error to STDERR\n    echo \"error: The sandbox is not in sync with the Podfile.lock. Run 'pod install' or update your CocoaPods installation.\" >&2\n    exit 1\nfi\n";
			showEnvVarsInLog = 0;
		};
		662B9CD10197A8099A7F32B4 /* [CP] Check Pods Manifest.lock */ = {
			isa = PBXShellScriptBuildPhase;
			buildActionMask = 2147483647;
			files = (
			);
			inputPaths = (
			);
			name = "[CP] Check Pods Manifest.lock";
			outputPaths = (
			);
			runOnlyForDeploymentPostprocessing = 0;
			shellPath = /bin/sh;
			shellScript = "diff \"${PODS_PODFILE_DIR_PATH}/Podfile.lock\" \"${PODS_ROOT}/Manifest.lock\" > /dev/null\nif [ $? != 0 ] ; then\n    # print error to STDERR\n    echo \"error: The sandbox is not in sync with the Podfile.lock. Run 'pod install' or update your CocoaPods installation.\" >&2\n    exit 1\nfi\n";
			showEnvVarsInLog = 0;
		};
		78994D731F2B8C8800C9DEDC /* ShellScript */ = {
			isa = PBXShellScriptBuildPhase;
			buildActionMask = 2147483647;
			files = (
			);
			inputPaths = (
			);
			outputPaths = (
			);
			runOnlyForDeploymentPostprocessing = 0;
			shellPath = /bin/sh;
			shellScript = "\"${PODS_ROOT}/SwiftLint/swiftlint\"";
		};
		99EB17AFC49C82FA655B5858 /* [CP] Copy Pods Resources */ = {
			isa = PBXShellScriptBuildPhase;
			buildActionMask = 2147483647;
			files = (
			);
			inputPaths = (
			);
			name = "[CP] Copy Pods Resources";
			outputPaths = (
			);
			runOnlyForDeploymentPostprocessing = 0;
			shellPath = /bin/sh;
			shellScript = "\"${SRCROOT}/Pods/Target Support Files/Pods-TestDOITUITests/Pods-TestDOITUITests-resources.sh\"\n";
			showEnvVarsInLog = 0;
		};
		A2B5FD55CA5984C9FFC47F2F /* [CP] Copy Pods Resources */ = {
			isa = PBXShellScriptBuildPhase;
			buildActionMask = 2147483647;
			files = (
			);
			inputPaths = (
			);
			name = "[CP] Copy Pods Resources";
			outputPaths = (
			);
			runOnlyForDeploymentPostprocessing = 0;
			shellPath = /bin/sh;
			shellScript = "\"${SRCROOT}/Pods/Target Support Files/Pods-TestDOIT/Pods-TestDOIT-resources.sh\"\n";
			showEnvVarsInLog = 0;
		};
		A6C2122E993EF83BC3B5883B /* [CP] Embed Pods Frameworks */ = {
			isa = PBXShellScriptBuildPhase;
			buildActionMask = 2147483647;
			files = (
			);
			inputPaths = (
			);
			name = "[CP] Embed Pods Frameworks";
			outputPaths = (
			);
			runOnlyForDeploymentPostprocessing = 0;
			shellPath = /bin/sh;
			shellScript = "\"${SRCROOT}/Pods/Target Support Files/Pods-TestDOIT/Pods-TestDOIT-frameworks.sh\"\n";
			showEnvVarsInLog = 0;
		};
		F5F07A5973B736B1CC1D077A /* [CP] Embed Pods Frameworks */ = {
			isa = PBXShellScriptBuildPhase;
			buildActionMask = 2147483647;
			files = (
			);
			inputPaths = (
			);
			name = "[CP] Embed Pods Frameworks";
			outputPaths = (
			);
			runOnlyForDeploymentPostprocessing = 0;
			shellPath = /bin/sh;
			shellScript = "\"${SRCROOT}/Pods/Target Support Files/Pods-TestDOITUITests/Pods-TestDOITUITests-frameworks.sh\"\n";
			showEnvVarsInLog = 0;
		};
/* End PBXShellScriptBuildPhase section */

/* Begin PBXSourcesBuildPhase section */
		78607DB21F2B84F600743630 /* Sources */ = {
			isa = PBXSourcesBuildPhase;
			buildActionMask = 2147483647;
			files = (
				78805C621F2BBD4700209937 /* GetAllImagesParametersModel.swift in Sources */,
				78805C521F2BA65200209937 /* UploadImageParametersModel.swift in Sources */,
				78994D7C1F2B907F00C9DEDC /* Storyboards.swift in Sources */,
				78805C4E1F2BA44300209937 /* ImageModel.swift in Sources */,
				78805C661F2BC31400209937 /* StringExt.swift in Sources */,
				78805C6B1F2BDC5700209937 /* ServerError.swift in Sources */,
				78805C501F2BA4DD00209937 /* GifModel.swift in Sources */,
				78805C641F2BBD8400209937 /* GetGifParametersModel.swift in Sources */,
				78607DBC1F2B84F600743630 /* LoginController.swift in Sources */,
				78994D6F1F2B89FF00C9DEDC /* UIImage+animatedGIF.m in Sources */,
				78805C601F2BBB9300209937 /* Token.swift in Sources */,
				78994D7E1F2B94B200C9DEDC /* RegisterController.swift in Sources */,
				781A2ACD1F2C6118003FC27A /* UploadImageController.swift in Sources */,
				781A2ACB1F2C5C6E003FC27A /* ShowGifController.swift in Sources */,
				78994D781F2B8E8400C9DEDC /* Server.swift in Sources */,
				78805C5E1F2BB2C900209937 /* MainScreen.swift in Sources */,
				78805C4A1F2B97B300209937 /* LoginParameterModel.swift in Sources */,
				78805C691F2BD87A00209937 /* UIViewControllerExt.swift in Sources */,
				78994D7B1F2B907F00C9DEDC /* Functions.swift in Sources */,
				78607DBA1F2B84F600743630 /* AppDelegate.swift in Sources */,
				78805C5B1F2BB26700209937 /* ImageInfoCell.swift in Sources */,
				78805C4C1F2B9AC500209937 /* RegisterParameterModel.swift in Sources */,
				781A2AD11F2C69C8003FC27A /* ImagePickerProtocol.swift in Sources */,
			);
			runOnlyForDeploymentPostprocessing = 0;
		};
		78607DC61F2B84F700743630 /* Sources */ = {
			isa = PBXSourcesBuildPhase;
			buildActionMask = 2147483647;
			files = (
				78607DCF1F2B84F700743630 /* TestDOITUITests.swift in Sources */,
			);
			runOnlyForDeploymentPostprocessing = 0;
		};
/* End PBXSourcesBuildPhase section */

/* Begin PBXTargetDependency section */
		78607DCC1F2B84F700743630 /* PBXTargetDependency */ = {
			isa = PBXTargetDependency;
			target = 78607DB51F2B84F600743630 /* TestDOIT */;
			targetProxy = 78607DCB1F2B84F700743630 /* PBXContainerItemProxy */;
		};
/* End PBXTargetDependency section */

/* Begin PBXVariantGroup section */
		78607DBD1F2B84F600743630 /* Login.storyboard */ = {
			isa = PBXVariantGroup;
			children = (
				78607DBE1F2B84F600743630 /* Base */,
			);
			name = Login.storyboard;
			sourceTree = "<group>";
		};
		78607DC21F2B84F600743630 /* LaunchScreen.storyboard */ = {
			isa = PBXVariantGroup;
			children = (
				78607DC31F2B84F600743630 /* Base */,
			);
			name = LaunchScreen.storyboard;
			sourceTree = "<group>";
		};
/* End PBXVariantGroup section */

/* Begin XCBuildConfiguration section */
		78607DD11F2B84F700743630 /* Debug */ = {
			isa = XCBuildConfiguration;
			buildSettings = {
				ALWAYS_SEARCH_USER_PATHS = NO;
				CLANG_ANALYZER_NONNULL = YES;
				CLANG_ANALYZER_NUMBER_OBJECT_CONVERSION = YES_AGGRESSIVE;
				CLANG_CXX_LANGUAGE_STANDARD = "gnu++0x";
				CLANG_CXX_LIBRARY = "libc++";
				CLANG_ENABLE_MODULES = YES;
				CLANG_ENABLE_OBJC_ARC = YES;
				CLANG_WARN_BOOL_CONVERSION = YES;
				CLANG_WARN_CONSTANT_CONVERSION = YES;
				CLANG_WARN_DIRECT_OBJC_ISA_USAGE = YES_ERROR;
				CLANG_WARN_DOCUMENTATION_COMMENTS = YES;
				CLANG_WARN_EMPTY_BODY = YES;
				CLANG_WARN_ENUM_CONVERSION = YES;
				CLANG_WARN_INFINITE_RECURSION = YES;
				CLANG_WARN_INT_CONVERSION = YES;
				CLANG_WARN_OBJC_ROOT_CLASS = YES_ERROR;
				CLANG_WARN_SUSPICIOUS_MOVE = YES;
				CLANG_WARN_UNREACHABLE_CODE = YES;
				CLANG_WARN__DUPLICATE_METHOD_MATCH = YES;
				"CODE_SIGN_IDENTITY[sdk=iphoneos*]" = "iPhone Developer";
				COPY_PHASE_STRIP = NO;
				DEBUG_INFORMATION_FORMAT = dwarf;
				ENABLE_STRICT_OBJC_MSGSEND = YES;
				ENABLE_TESTABILITY = YES;
				GCC_C_LANGUAGE_STANDARD = gnu99;
				GCC_DYNAMIC_NO_PIC = NO;
				GCC_NO_COMMON_BLOCKS = YES;
				GCC_OPTIMIZATION_LEVEL = 0;
				GCC_PREPROCESSOR_DEFINITIONS = (
					"DEBUG=1",
					"$(inherited)",
				);
				GCC_WARN_64_TO_32_BIT_CONVERSION = YES;
				GCC_WARN_ABOUT_RETURN_TYPE = YES_ERROR;
				GCC_WARN_UNDECLARED_SELECTOR = YES;
				GCC_WARN_UNINITIALIZED_AUTOS = YES_AGGRESSIVE;
				GCC_WARN_UNUSED_FUNCTION = YES;
				GCC_WARN_UNUSED_VARIABLE = YES;
				IPHONEOS_DEPLOYMENT_TARGET = 10.3;
				MTL_ENABLE_DEBUG_INFO = YES;
				ONLY_ACTIVE_ARCH = YES;
				SDKROOT = iphoneos;
				SWIFT_ACTIVE_COMPILATION_CONDITIONS = DEBUG;
				SWIFT_OPTIMIZATION_LEVEL = "-Onone";
			};
			name = Debug;
		};
		78607DD21F2B84F700743630 /* Release */ = {
			isa = XCBuildConfiguration;
			buildSettings = {
				ALWAYS_SEARCH_USER_PATHS = NO;
				CLANG_ANALYZER_NONNULL = YES;
				CLANG_ANALYZER_NUMBER_OBJECT_CONVERSION = YES_AGGRESSIVE;
				CLANG_CXX_LANGUAGE_STANDARD = "gnu++0x";
				CLANG_CXX_LIBRARY = "libc++";
				CLANG_ENABLE_MODULES = YES;
				CLANG_ENABLE_OBJC_ARC = YES;
				CLANG_WARN_BOOL_CONVERSION = YES;
				CLANG_WARN_CONSTANT_CONVERSION = YES;
				CLANG_WARN_DIRECT_OBJC_ISA_USAGE = YES_ERROR;
				CLANG_WARN_DOCUMENTATION_COMMENTS = YES;
				CLANG_WARN_EMPTY_BODY = YES;
				CLANG_WARN_ENUM_CONVERSION = YES;
				CLANG_WARN_INFINITE_RECURSION = YES;
				CLANG_WARN_INT_CONVERSION = YES;
				CLANG_WARN_OBJC_ROOT_CLASS = YES_ERROR;
				CLANG_WARN_SUSPICIOUS_MOVE = YES;
				CLANG_WARN_UNREACHABLE_CODE = YES;
				CLANG_WARN__DUPLICATE_METHOD_MATCH = YES;
				"CODE_SIGN_IDENTITY[sdk=iphoneos*]" = "iPhone Developer";
				COPY_PHASE_STRIP = NO;
				DEBUG_INFORMATION_FORMAT = "dwarf-with-dsym";
				ENABLE_NS_ASSERTIONS = NO;
				ENABLE_STRICT_OBJC_MSGSEND = YES;
				GCC_C_LANGUAGE_STANDARD = gnu99;
				GCC_NO_COMMON_BLOCKS = YES;
				GCC_WARN_64_TO_32_BIT_CONVERSION = YES;
				GCC_WARN_ABOUT_RETURN_TYPE = YES_ERROR;
				GCC_WARN_UNDECLARED_SELECTOR = YES;
				GCC_WARN_UNINITIALIZED_AUTOS = YES_AGGRESSIVE;
				GCC_WARN_UNUSED_FUNCTION = YES;
				GCC_WARN_UNUSED_VARIABLE = YES;
				IPHONEOS_DEPLOYMENT_TARGET = 10.3;
				MTL_ENABLE_DEBUG_INFO = NO;
				SDKROOT = iphoneos;
				SWIFT_OPTIMIZATION_LEVEL = "-Owholemodule";
				VALIDATE_PRODUCT = YES;
			};
			name = Release;
		};
		78607DD41F2B84F700743630 /* Debug */ = {
			isa = XCBuildConfiguration;
			baseConfigurationReference = 6F6BBCB7DEC5DC0B4ABCECA3 /* Pods-TestDOIT.debug.xcconfig */;
			buildSettings = {
				ASSETCATALOG_COMPILER_APPICON_NAME = AppIcon;
				CLANG_ENABLE_MODULES = YES;
				DEVELOPMENT_TEAM = LBXP5SKFAJ;
				INFOPLIST_FILE = TestDOIT/Info.plist;
				LD_RUNPATH_SEARCH_PATHS = "$(inherited) @executable_path/Frameworks";
				PRODUCT_BUNDLE_IDENTIFIER = test.doit.TestDOIT;
				PRODUCT_NAME = "$(TARGET_NAME)";
				PROVISIONING_PROFILE = "d93cc7d3-0701-42a3-9257-dfe11cd736dc";
				PROVISIONING_PROFILE_SPECIFIER = TestDOITDevelopmentProfile;
				SWIFT_OBJC_BRIDGING_HEADER = "TestDOIT/TestDOIT-Bridging-Header.h";
				SWIFT_OPTIMIZATION_LEVEL = "-Onone";
				SWIFT_VERSION = 3.0;
			};
			name = Debug;
		};
		78607DD51F2B84F700743630 /* Release */ = {
			isa = XCBuildConfiguration;
			baseConfigurationReference = 99AE0F7BB73E8138621DF48C /* Pods-TestDOIT.release.xcconfig */;
			buildSettings = {
				ASSETCATALOG_COMPILER_APPICON_NAME = AppIcon;
				CLANG_ENABLE_MODULES = YES;
				"CODE_SIGN_IDENTITY[sdk=iphoneos*]" = "iPhone Distribution";
				DEVELOPMENT_TEAM = LBXP5SKFAJ;
				INFOPLIST_FILE = TestDOIT/Info.plist;
				LD_RUNPATH_SEARCH_PATHS = "$(inherited) @executable_path/Frameworks";
				PRODUCT_BUNDLE_IDENTIFIER = test.doit.TestDOIT;
				PRODUCT_NAME = "$(TARGET_NAME)";
				PROVISIONING_PROFILE = "3bb6a762-cdbc-43ab-a074-013a22982910";
				PROVISIONING_PROFILE_SPECIFIER = TestDOITDistributionProfile;
				SWIFT_OBJC_BRIDGING_HEADER = "TestDOIT/TestDOIT-Bridging-Header.h";
				SWIFT_VERSION = 3.0;
			};
			name = Release;
		};
		78607DD71F2B84F700743630 /* Debug */ = {
			isa = XCBuildConfiguration;
			baseConfigurationReference = A5F83A5BC8142F0F4E6A21FE /* Pods-TestDOITUITests.debug.xcconfig */;
			buildSettings = {
				ALWAYS_EMBED_SWIFT_STANDARD_LIBRARIES = YES;
				INFOPLIST_FILE = TestDOITUITests/Info.plist;
				LD_RUNPATH_SEARCH_PATHS = "$(inherited) @executable_path/Frameworks @loader_path/Frameworks";
				PRODUCT_BUNDLE_IDENTIFIER = test.doit.TestDOITUITests;
				PRODUCT_NAME = "$(TARGET_NAME)";
				SWIFT_VERSION = 3.0;
				TEST_TARGET_NAME = TestDOIT;
			};
			name = Debug;
		};
		78607DD81F2B84F700743630 /* Release */ = {
			isa = XCBuildConfiguration;
			baseConfigurationReference = A6B641851161E2C5B6548696 /* Pods-TestDOITUITests.release.xcconfig */;
			buildSettings = {
				ALWAYS_EMBED_SWIFT_STANDARD_LIBRARIES = YES;
				INFOPLIST_FILE = TestDOITUITests/Info.plist;
				LD_RUNPATH_SEARCH_PATHS = "$(inherited) @executable_path/Frameworks @loader_path/Frameworks";
				PRODUCT_BUNDLE_IDENTIFIER = test.doit.TestDOITUITests;
				PRODUCT_NAME = "$(TARGET_NAME)";
				SWIFT_VERSION = 3.0;
				TEST_TARGET_NAME = TestDOIT;
			};
			name = Release;
		};
/* End XCBuildConfiguration section */

/* Begin XCConfigurationList section */
		78607DB11F2B84F600743630 /* Build configuration list for PBXProject "TestDOIT" */ = {
			isa = XCConfigurationList;
			buildConfigurations = (
				78607DD11F2B84F700743630 /* Debug */,
				78607DD21F2B84F700743630 /* Release */,
			);
			defaultConfigurationIsVisible = 0;
			defaultConfigurationName = Release;
		};
		78607DD31F2B84F700743630 /* Build configuration list for PBXNativeTarget "TestDOIT" */ = {
			isa = XCConfigurationList;
			buildConfigurations = (
				78607DD41F2B84F700743630 /* Debug */,
				78607DD51F2B84F700743630 /* Release */,
			);
			defaultConfigurationIsVisible = 0;
			defaultConfigurationName = Release;
		};
		78607DD61F2B84F700743630 /* Build configuration list for PBXNativeTarget "TestDOITUITests" */ = {
			isa = XCConfigurationList;
			buildConfigurations = (
				78607DD71F2B84F700743630 /* Debug */,
				78607DD81F2B84F700743630 /* Release */,
			);
			defaultConfigurationIsVisible = 0;
			defaultConfigurationName = Release;
		};
/* End XCConfigurationList section */
	};
	rootObject = 78607DAE1F2B84F600743630 /* Project object */;
}
